
Microsoft Visual Studio Solution File, Format Version 12.00
# Visual Studio Version 17
VisualStudioVersion = 17.5.33516.290
MinimumVisualStudioVersion = 10.0.40219.1
Project("{FAE04EC0-301F-11D3-BF4B-00C04F79EFBC}") = "voiting", "voiting\voiting.csproj", "{4C373DB3-0492-43A7-9FF1-7700A0123C14}"
EndProject
Project("{FAE04EC0-301F-11D3-BF4B-00C04F79EFBC}") = "EmailValidation", "EmailValidation\EmailValidation.csproj", "{ECBB8DED-9252-4688-9131-FCF0B102F96A}"
EndProject
Project("{FAE04EC0-301F-11D3-BF4B-00C04F79EFBC}") = "Decomposing", "Decomposing\Decomposing.csproj", "{64425EC3-052C-4CF2-B2D2-8929A9B21519}"
EndProject
Project("{FAE04EC0-301F-11D3-BF4B-00C04F79EFBC}") = "CalculatingSeasonStats", "CalculatingSeasonStats\CalculatingSeasonStats.csproj", "{3E03B38D-AFF6-4A53-A438-5226B23A61C7}"
EndProject
Project("{FAE04EC0-301F-11D3-BF4B-00C04F79EFBC}") = "CountingVowels", "CountingVowels\CountingVowels.csproj", "{CAFDDA5D-234F-45B3-A67A-40AC4D201AAF}"
EndProject
Project("{FAE04EC0-301F-11D3-BF4B-00C04F79EFBC}") = "movienight", "movienight\movienight.csproj", "{CA5F4712-4457-495C-974C-618FAFB4A3CD}"
EndProject
Project("{FAE04EC0-301F-11D3-BF4B-00C04F79EFBC}") = "ConsoleApp3", "ConsoleApp3\ConsoleApp3.csproj", "{5A4D0EA4-7289-4A8D-B0CB-5358432CA4FC}"
EndProject
Project("{FAE04EC0-301F-11D3-BF4B-00C04F79EFBC}") = "reverseName", "reverseName\reverseName.csproj", "{AF710DCD-CE85-4481-9E95-CC3C5E5F1735}"
EndProject
Project("{FAE04EC0-301F-11D3-BF4B-00C04F79EFBC}") = "MehrZeichenDrucken", "MehrZeichenDrucken\MehrZeichenDrucken.csproj", "{73690D4D-E030-4971-911E-52E727E8E3A6}"
EndProject
Project("{FAE04EC0-301F-11D3-BF4B-00C04F79EFBC}") = "ConsoleApp4", "ConsoleApp4\ConsoleApp4.csproj", "{80997191-548F-4264-BAFA-8C43A9A800A2}"
EndProject
Project("{FAE04EC0-301F-11D3-BF4B-00C04F79EFBC}") = "findGrosseZahl", "findGrosseZahl\findGrosseZahl.csproj", "{142D1342-B10E-4247-BE49-FE6E33EBFB2E}"
EndProject
Project("{FAE04EC0-301F-11D3-BF4B-00C04F79EFBC}") = "gerade-ungeradeZahl", "gerade-ungeradeZahl\gerade-ungeradeZahl.csproj", "{9480F004-23E0-4573-A442-7A6EFB931695}"
EndProject
Project("{FAE04EC0-301F-11D3-BF4B-00C04F79EFBC}") = "teufel-kreis", "ConsoleApp1\teufel-kreis.csproj", "{B5EFC8FE-1DC6-418C-A24B-4E043ECF58D5}"
EndProject
Global
	GlobalSection(SolutionConfigurationPlatforms) = preSolution
		Debug|Any CPU = Debug|Any CPU
		Release|Any CPU = Release|Any CPU
	EndGlobalSection
	GlobalSection(ProjectConfigurationPlatforms) = postSolution
		{4C373DB3-0492-43A7-9FF1-7700A0123C14}.Debug|Any CPU.ActiveCfg = Debug|Any CPU
		{4C373DB3-0492-43A7-9FF1-7700A0123C14}.Debug|Any CPU.Build.0 = Debug|Any CPU
		{4C373DB3-0492-43A7-9FF1-7700A0123C14}.Release|Any CPU.ActiveCfg = Release|Any CPU
		{4C373DB3-0492-43A7-9FF1-7700A0123C14}.Release|Any CPU.Build.0 = Release|Any CPU
		{ECBB8DED-9252-4688-9131-FCF0B102F96A}.Debug|Any CPU.ActiveCfg = Debug|Any CPU
		{ECBB8DED-9252-4688-9131-FCF0B102F96A}.Debug|Any CPU.Build.0 = Debug|Any CPU
		{ECBB8DED-9252-4688-9131-FCF0B102F96A}.Release|Any CPU.ActiveCfg = Release|Any CPU
		{ECBB8DED-9252-4688-9131-FCF0B102F96A}.Release|Any CPU.Build.0 = Release|Any CPU
		{64425EC3-052C-4CF2-B2D2-8929A9B21519}.Debug|Any CPU.ActiveCfg = Debug|Any CPU
		{64425EC3-052C-4CF2-B2D2-8929A9B21519}.Debug|Any CPU.Build.0 = Debug|Any CPU
		{64425EC3-052C-4CF2-B2D2-8929A9B21519}.Release|Any CPU.ActiveCfg = Release|Any CPU
		{64425EC3-052C-4CF2-B2D2-8929A9B21519}.Release|Any CPU.Build.0 = Release|Any CPU
		{3E03B38D-AFF6-4A53-A438-5226B23A61C7}.Debug|Any CPU.ActiveCfg = Debug|Any CPU
		{3E03B38D-AFF6-4A53-A438-5226B23A61C7}.Debug|Any CPU.Build.0 = Debug|Any CPU
		{3E03B38D-AFF6-4A53-A438-5226B23A61C7}.Release|Any CPU.ActiveCfg = Release|Any CPU
		{3E03B38D-AFF6-4A53-A438-5226B23A61C7}.Release|Any CPU.Build.0 = Release|Any CPU
		{CAFDDA5D-234F-45B3-A67A-40AC4D201AAF}.Debug|Any CPU.ActiveCfg = Debug|Any CPU
		{CAFDDA5D-234F-45B3-A67A-40AC4D201AAF}.Debug|Any CPU.Build.0 = Debug|Any CPU
		{CAFDDA5D-234F-45B3-A67A-40AC4D201AAF}.Release|Any CPU.ActiveCfg = Release|Any CPU
		{CAFDDA5D-234F-45B3-A67A-40AC4D201AAF}.Release|Any CPU.Build.0 = Release|Any CPU
		{CA5F4712-4457-495C-974C-618FAFB4A3CD}.Debug|Any CPU.ActiveCfg = Debug|Any CPU
		{CA5F4712-4457-495C-974C-618FAFB4A3CD}.Debug|Any CPU.Build.0 = Debug|Any CPU
		{CA5F4712-4457-495C-974C-618FAFB4A3CD}.Release|Any CPU.ActiveCfg = Release|Any CPU
		{CA5F4712-4457-495C-974C-618FAFB4A3CD}.Release|Any CPU.Build.0 = Release|Any CPU
		{5A4D0EA4-7289-4A8D-B0CB-5358432CA4FC}.Debug|Any CPU.ActiveCfg = Debug|Any CPU
		{5A4D0EA4-7289-4A8D-B0CB-5358432CA4FC}.Debug|Any CPU.Build.0 = Debug|Any CPU
		{5A4D0EA4-7289-4A8D-B0CB-5358432CA4FC}.Release|Any CPU.ActiveCfg = Release|Any CPU
		{5A4D0EA4-7289-4A8D-B0CB-5358432CA4FC}.Release|Any CPU.Build.0 = Release|Any CPU
		{AF710DCD-CE85-4481-9E95-CC3C5E5F1735}.Debug|Any CPU.ActiveCfg = Debug|Any CPU
		{AF710DCD-CE85-4481-9E95-CC3C5E5F1735}.Debug|Any CPU.Build.0 = Debug|Any CPU
		{AF710DCD-CE85-4481-9E95-CC3C5E5F1735}.Release|Any CPU.ActiveCfg = Release|Any CPU
		{AF710DCD-CE85-4481-9E95-CC3C5E5F1735}.Release|Any CPU.Build.0 = Release|Any CPU
		{73690D4D-E030-4971-911E-52E727E8E3A6}.Debug|Any CPU.ActiveCfg = Debug|Any CPU
		{73690D4D-E030-4971-911E-52E727E8E3A6}.Debug|Any CPU.Build.0 = Debug|Any CPU
		{73690D4D-E030-4971-911E-52E727E8E3A6}.Release|Any CPU.ActiveCfg = Release|Any CPU
		{73690D4D-E030-4971-911E-52E727E8E3A6}.Release|Any CPU.Build.0 = Release|Any CPU
		{80997191-548F-4264-BAFA-8C43A9A800A2}.Debug|Any CPU.ActiveCfg = Debug|Any CPU
		{80997191-548F-4264-BAFA-8C43A9A800A2}.Debug|Any CPU.Build.0 = Debug|Any CPU
		{80997191-548F-4264-BAFA-8C43A9A800A2}.Release|Any CPU.ActiveCfg = Release|Any CPU
		{80997191-548F-4264-BAFA-8C43A9A800A2}.Release|Any CPU.Build.0 = Release|Any CPU
		{142D1342-B10E-4247-BE49-FE6E33EBFB2E}.Debug|Any CPU.ActiveCfg = Debug|Any CPU
		{142D1342-B10E-4247-BE49-FE6E33EBFB2E}.Debug|Any CPU.Build.0 = Debug|Any CPU
		{142D1342-B10E-4247-BE49-FE6E33EBFB2E}.Release|Any CPU.ActiveCfg = Release|Any CPU
		{142D1342-B10E-4247-BE49-FE6E33EBFB2E}.Release|Any CPU.Build.0 = Release|Any CPU
		{9480F004-23E0-4573-A442-7A6EFB931695}.Debug|Any CPU.ActiveCfg = Debug|Any CPU
		{9480F004-23E0-4573-A442-7A6EFB931695}.Debug|Any CPU.Build.0 = Debug|Any CPU
		{9480F004-23E0-4573-A442-7A6EFB931695}.Release|Any CPU.ActiveCfg = Release|Any CPU
		{9480F004-23E0-4573-A442-7A6EFB931695}.Release|Any CPU.Build.0 = Release|Any CPU
		{B5EFC8FE-1DC6-418C-A24B-4E043ECF58D5}.Debug|Any CPU.ActiveCfg = Debug|Any CPU
		{B5EFC8FE-1DC6-418C-A24B-4E043ECF58D5}.Debug|Any CPU.Build.0 = Debug|Any CPU
		{B5EFC8FE-1DC6-418C-A24B-4E043ECF58D5}.Release|Any CPU.ActiveCfg = Release|Any CPU
		{B5EFC8FE-1DC6-418C-A24B-4E043ECF58D5}.Release|Any CPU.Build.0 = Release|Any CPU
	EndGlobalSection
	GlobalSection(SolutionProperties) = preSolution
		HideSolutionNode = FALSE
	EndGlobalSection
	GlobalSection(ExtensibilityGlobals) = postSolution
		SolutionGuid = {B93F06E1-3260-4052-BCCF-DE95E3471A87}
	EndGlobalSection
EndGlobal
