
Microsoft Visual Studio Solution File, Format Version 12.00
# Visual Studio Version 17
VisualStudioVersion = 17.5.33516.290
MinimumVisualStudioVersion = 10.0.40219.1
Project("{FAE04EC0-301F-11D3-BF4B-00C04F79EFBC}") = "voiting", "voiting\voiting.csproj", "{4C373DB3-0492-43A7-9FF1-7700A0123C14}"
EndProject
Project("{FAE04EC0-301F-11D3-BF4B-00C04F79EFBC}") = "EmailValidation", "EmailValidation\EmailValidation.csproj", "{ECBB8DED-9252-4688-9131-FCF0B102F96A}"
EndProject
Project("{FAE04EC0-301F-11D3-BF4B-00C04F79EFBC}") = "Decomposing", "Decomposing\Decomposing.csproj", "{64425EC3-052C-4CF2-B2D2-8929A9B21519}"
EndProject
Global
	GlobalSection(SolutionConfigurationPlatforms) = preSolution
		Debug|Any CPU = Debug|Any CPU
		Release|Any CPU = Release|Any CPU
	EndGlobalSection
	GlobalSection(ProjectConfigurationPlatforms) = postSolution
		{4C373DB3-0492-43A7-9FF1-7700A0123C14}.Debug|Any CPU.ActiveCfg = Debug|Any CPU
		{4C373DB3-0492-43A7-9FF1-7700A0123C14}.Debug|Any CPU.Build.0 = Debug|Any CPU
		{4C373DB3-0492-43A7-9FF1-7700A0123C14}.Release|Any CPU.ActiveCfg = Release|Any CPU
		{4C373DB3-0492-43A7-9FF1-7700A0123C14}.Release|Any CPU.Build.0 = Release|Any CPU
		{ECBB8DED-9252-4688-9131-FCF0B102F96A}.Debug|Any CPU.ActiveCfg = Debug|Any CPU
		{ECBB8DED-9252-4688-9131-FCF0B102F96A}.Debug|Any CPU.Build.0 = Debug|Any CPU
		{ECBB8DED-9252-4688-9131-FCF0B102F96A}.Release|Any CPU.ActiveCfg = Release|Any CPU
		{ECBB8DED-9252-4688-9131-FCF0B102F96A}.Release|Any CPU.Build.0 = Release|Any CPU
		{64425EC3-052C-4CF2-B2D2-8929A9B21519}.Debug|Any CPU.ActiveCfg = Debug|Any CPU
		{64425EC3-052C-4CF2-B2D2-8929A9B21519}.Debug|Any CPU.Build.0 = Debug|Any CPU
		{64425EC3-052C-4CF2-B2D2-8929A9B21519}.Release|Any CPU.ActiveCfg = Release|Any CPU
		{64425EC3-052C-4CF2-B2D2-8929A9B21519}.Release|Any CPU.Build.0 = Release|Any CPU
	EndGlobalSection
	GlobalSection(SolutionProperties) = preSolution
		HideSolutionNode = FALSE
	EndGlobalSection
	GlobalSection(ExtensibilityGlobals) = postSolution
		SolutionGuid = {B93F06E1-3260-4052-BCCF-DE95E3471A87}
	EndGlobalSection
EndGlobal
