
Microsoft Visual Studio Solution File, Format Version 12.00
# Visual Studio Version 16
VisualStudioVersion = 16.0.810.13
MinimumVisualStudioVersion = 10.0.40219.1
Project("{FAE04EC0-301F-11D3-BF4B-00C04F79EFBC}") = "01-11-shop-inventory", "01-11-shop-inventory.csproj", "{349E587E-47F9-4B1C-85AB-4B83AC983641}"
EndProject
Global
	GlobalSection(SolutionConfigurationPlatforms) = preSolution
		Debug|anycpu = Debug|anycpu
		Release|anycpu = Release|anycpu
	EndGlobalSection
	GlobalSection(ProjectConfigurationPlatforms) = postSolution
		{349E587E-47F9-4B1C-85AB-4B83AC983641}.Debug|anycpu.ActiveCfg = Debug|anycpu
		{349E587E-47F9-4B1C-85AB-4B83AC983641}.Debug|anycpu.Build.0 = Debug|anycpu
		{349E587E-47F9-4B1C-85AB-4B83AC983641}.Release|anycpu.ActiveCfg = Release|anycpu
		{349E587E-47F9-4B1C-85AB-4B83AC983641}.Release|anycpu.Build.0 = Release|anycpu
	EndGlobalSection
	GlobalSection(SolutionProperties) = preSolution
		HideSolutionNode = FALSE
	EndGlobalSection
	GlobalSection(ExtensibilityGlobals) = postSolution
		SolutionGuid = {CD9C6C68-EC18-4F99-AF4F-EBE4AAAC04B2}
	EndGlobalSection
EndGlobal
